
Microsoft Visual Studio Solution File, Format Version 12.00
# Visual Studio Version 17
VisualStudioVersion = 17.1.32421.90
MinimumVisualStudioVersion = 10.0.40219.1
Project("{FAE04EC0-301F-11D3-BF4B-00C04F79EFBC}") = "TimeTraveler", "TimeTraveler.csproj", "{17B6A276-01AA-4066-91CA-0B2A3EAC3B01}"
EndProject
Global
	GlobalSection(SolutionConfigurationPlatforms) = preSolution
		Debug|Any CPU = Debug|Any CPU
		Release|Any CPU = Release|Any CPU
	EndGlobalSection
	GlobalSection(ProjectConfigurationPlatforms) = postSolution
		{17B6A276-01AA-4066-91CA-0B2A3EAC3B01}.Debug|Any CPU.ActiveCfg = Debug|Any CPU
		{17B6A276-01AA-4066-91CA-0B2A3EAC3B01}.Debug|Any CPU.Build.0 = Debug|Any CPU
		{17B6A276-01AA-4066-91CA-0B2A3EAC3B01}.Release|Any CPU.ActiveCfg = Release|Any CPU
		{17B6A276-01AA-4066-91CA-0B2A3EAC3B01}.Release|Any CPU.Build.0 = Release|Any CPU
	EndGlobalSection
	GlobalSection(SolutionProperties) = preSolution
		HideSolutionNode = FALSE
	EndGlobalSection
	GlobalSection(ExtensibilityGlobals) = postSolution
		SolutionGuid = {6D3B5E09-4057-468C-A7C1-CAE20399AD84}
	EndGlobalSection
EndGlobal
